// !$*UTF8*$!
{
	archiveVersion = 1;
	classes = {
	};
	objectVersion = 46;
	objects = {

/* Begin PBXBuildFile section */
		335EDA121BA15732005D631B /* AppDelegate.swift in Sources */ = {isa = PBXBuildFile; fileRef = 335EDA111BA15732005D631B /* AppDelegate.swift */; };
		335EDA141BA15732005D631B /* ViewController.swift in Sources */ = {isa = PBXBuildFile; fileRef = 335EDA131BA15732005D631B /* ViewController.swift */; };
		335EDA171BA15732005D631B /* Main.storyboard in Resources */ = {isa = PBXBuildFile; fileRef = 335EDA151BA15732005D631B /* Main.storyboard */; };
		335EDA191BA15732005D631B /* Images.xcassets in Resources */ = {isa = PBXBuildFile; fileRef = 335EDA181BA15732005D631B /* Images.xcassets */; };
		335EDA1C1BA15732005D631B /* LaunchScreen.xib in Resources */ = {isa = PBXBuildFile; fileRef = 335EDA1A1BA15732005D631B /* LaunchScreen.xib */; };
		335EDA281BA15732005D631B /* CassiniTests.swift in Sources */ = {isa = PBXBuildFile; fileRef = 335EDA271BA15732005D631B /* CassiniTests.swift */; };
		335EDA321BA15776005D631B /* ImageViewController.swift in Sources */ = {isa = PBXBuildFile; fileRef = 335EDA311BA15776005D631B /* ImageViewController.swift */; };
		335EDA341BA15A6C005D631B /* DemoURL.swift in Sources */ = {isa = PBXBuildFile; fileRef = 335EDA331BA15A6C005D631B /* DemoURL.swift */; };
/* End PBXBuildFile section */

/* Begin PBXContainerItemProxy section */
		335EDA221BA15732005D631B /* PBXContainerItemProxy */ = {
			isa = PBXContainerItemProxy;
			containerPortal = 335EDA041BA15732005D631B /* Project object */;
			proxyType = 1;
			remoteGlobalIDString = 335EDA0B1BA15732005D631B;
			remoteInfo = Cassini;
		};
/* End PBXContainerItemProxy section */

/* Begin PBXFileReference section */
		335EDA0C1BA15732005D631B /* Cassini.app */ = {isa = PBXFileReference; explicitFileType = wrapper.application; includeInIndex = 0; path = Cassini.app; sourceTree = BUILT_PRODUCTS_DIR; };
		335EDA101BA15732005D631B /* Info.plist */ = {isa = PBXFileReference; lastKnownFileType = text.plist.xml; path = Info.plist; sourceTree = "<group>"; };
		335EDA111BA15732005D631B /* AppDelegate.swift */ = {isa = PBXFileReference; lastKnownFileType = sourcecode.swift; path = AppDelegate.swift; sourceTree = "<group>"; };
		335EDA131BA15732005D631B /* ViewController.swift */ = {isa = PBXFileReference; lastKnownFileType = sourcecode.swift; path = ViewController.swift; sourceTree = "<group>"; };
		335EDA161BA15732005D631B /* Base */ = {isa = PBXFileReference; lastKnownFileType = file.storyboard; name = Base; path = Base.lproj/Main.storyboard; sourceTree = "<group>"; };
		335EDA181BA15732005D631B /* Images.xcassets */ = {isa = PBXFileReference; lastKnownFileType = folder.assetcatalog; path = Images.xcassets; sourceTree = "<group>"; };
		335EDA1B1BA15732005D631B /* Base */ = {isa = PBXFileReference; lastKnownFileType = file.xib; name = Base; path = Base.lproj/LaunchScreen.xib; sourceTree = "<group>"; };
		335EDA211BA15732005D631B /* CassiniTests.xctest */ = {isa = PBXFileReference; explicitFileType = wrapper.cfbundle; includeInIndex = 0; path = CassiniTests.xctest; sourceTree = BUILT_PRODUCTS_DIR; };
		335EDA261BA15732005D631B /* Info.plist */ = {isa = PBXFileReference; lastKnownFileType = text.plist.xml; path = Info.plist; sourceTree = "<group>"; };
		335EDA271BA15732005D631B /* CassiniTests.swift */ = {isa = PBXFileReference; lastKnownFileType = sourcecode.swift; path = CassiniTests.swift; sourceTree = "<group>"; };
		335EDA311BA15776005D631B /* ImageViewController.swift */ = {isa = PBXFileReference; fileEncoding = 4; lastKnownFileType = sourcecode.swift; path = ImageViewController.swift; sourceTree = "<group>"; };
		335EDA331BA15A6C005D631B /* DemoURL.swift */ = {isa = PBXFileReference; fileEncoding = 4; lastKnownFileType = sourcecode.swift; path = DemoURL.swift; sourceTree = "<group>"; };
/* End PBXFileReference section */

/* Begin PBXFrameworksBuildPhase section */
		335EDA091BA15732005D631B /* Frameworks */ = {
			isa = PBXFrameworksBuildPhase;
			buildActionMask = 2147483647;
			files = (
			);
			runOnlyForDeploymentPostprocessing = 0;
		};
		335EDA1E1BA15732005D631B /* Frameworks */ = {
			isa = PBXFrameworksBuildPhase;
			buildActionMask = 2147483647;
			files = (
			);
			runOnlyForDeploymentPostprocessing = 0;
		};
/* End PBXFrameworksBuildPhase section */

/* Begin PBXGroup section */
		335EDA031BA15732005D631B = {
			isa = PBXGroup;
			children = (
				335EDA0E1BA15732005D631B /* Cassini */,
				335EDA241BA15732005D631B /* CassiniTests */,
				335EDA0D1BA15732005D631B /* Products */,
			);
			sourceTree = "<group>";
		};
		335EDA0D1BA15732005D631B /* Products */ = {
			isa = PBXGroup;
			children = (
				335EDA0C1BA15732005D631B /* Cassini.app */,
				335EDA211BA15732005D631B /* CassiniTests.xctest */,
			);
			name = Products;
			sourceTree = "<group>";
		};
		335EDA0E1BA15732005D631B /* Cassini */ = {
			isa = PBXGroup;
			children = (
				335EDA131BA15732005D631B /* ViewController.swift */,
				335EDA151BA15732005D631B /* Main.storyboard */,
				335EDA311BA15776005D631B /* ImageViewController.swift */,
				335EDA331BA15A6C005D631B /* DemoURL.swift */,
				335EDA0F1BA15732005D631B /* Supporting Files */,
			);
			path = Cassini;
			sourceTree = "<group>";
		};
		335EDA0F1BA15732005D631B /* Supporting Files */ = {
			isa = PBXGroup;
			children = (
				335EDA181BA15732005D631B /* Images.xcassets */,
				335EDA1A1BA15732005D631B /* LaunchScreen.xib */,
				335EDA111BA15732005D631B /* AppDelegate.swift */,
				335EDA101BA15732005D631B /* Info.plist */,
			);
			name = "Supporting Files";
			sourceTree = "<group>";
		};
		335EDA241BA15732005D631B /* CassiniTests */ = {
			isa = PBXGroup;
			children = (
				335EDA271BA15732005D631B /* CassiniTests.swift */,
				335EDA251BA15732005D631B /* Supporting Files */,
			);
			path = CassiniTests;
			sourceTree = "<group>";
		};
		335EDA251BA15732005D631B /* Supporting Files */ = {
			isa = PBXGroup;
			children = (
				335EDA261BA15732005D631B /* Info.plist */,
			);
			name = "Supporting Files";
			sourceTree = "<group>";
		};
/* End PBXGroup section */

/* Begin PBXNativeTarget section */
		335EDA0B1BA15732005D631B /* Cassini */ = {
			isa = PBXNativeTarget;
			buildConfigurationList = 335EDA2B1BA15732005D631B /* Build configuration list for PBXNativeTarget "Cassini" */;
			buildPhases = (
				335EDA081BA15732005D631B /* Sources */,
				335EDA091BA15732005D631B /* Frameworks */,
				335EDA0A1BA15732005D631B /* Resources */,
			);
			buildRules = (
			);
			dependencies = (
			);
			name = Cassini;
			productName = Cassini;
			productReference = 335EDA0C1BA15732005D631B /* Cassini.app */;
			productType = "com.apple.product-type.application";
		};
		335EDA201BA15732005D631B /* CassiniTests */ = {
			isa = PBXNativeTarget;
			buildConfigurationList = 335EDA2E1BA15732005D631B /* Build configuration list for PBXNativeTarget "CassiniTests" */;
			buildPhases = (
				335EDA1D1BA15732005D631B /* Sources */,
				335EDA1E1BA15732005D631B /* Frameworks */,
				335EDA1F1BA15732005D631B /* Resources */,
			);
			buildRules = (
			);
			dependencies = (
				335EDA231BA15732005D631B /* PBXTargetDependency */,
			);
			name = CassiniTests;
			productName = CassiniTests;
			productReference = 335EDA211BA15732005D631B /* CassiniTests.xctest */;
			productType = "com.apple.product-type.bundle.unit-test";
		};
/* End PBXNativeTarget section */

/* Begin PBXProject section */
		335EDA041BA15732005D631B /* Project object */ = {
			isa = PBXProject;
			attributes = {
				LastUpgradeCheck = 0640;
				ORGANIZATIONNAME = MandyXue;
				TargetAttributes = {
					335EDA0B1BA15732005D631B = {
						CreatedOnToolsVersion = 6.4;
					};
					335EDA201BA15732005D631B = {
						CreatedOnToolsVersion = 6.4;
						TestTargetID = 335EDA0B1BA15732005D631B;
					};
				};
			};
			buildConfigurationList = 335EDA071BA15732005D631B /* Build configuration list for PBXProject "Cassini" */;
			compatibilityVersion = "Xcode 3.2";
			developmentRegion = English;
			hasScannedForEncodings = 0;
			knownRegions = (
				en,
				Base,
			);
			mainGroup = 335EDA031BA15732005D631B;
			productRefGroup = 335EDA0D1BA15732005D631B /* Products */;
			projectDirPath = "";
			projectRoot = "";
			targets = (
				335EDA0B1BA15732005D631B /* Cassini */,
				335EDA201BA15732005D631B /* CassiniTests */,
			);
		};
/* End PBXProject section */

/* Begin PBXResourcesBuildPhase section */
		335EDA0A1BA15732005D631B /* Resources */ = {
			isa = PBXResourcesBuildPhase;
			buildActionMask = 2147483647;
			files = (
				335EDA171BA15732005D631B /* Main.storyboard in Resources */,
				335EDA1C1BA15732005D631B /* LaunchScreen.xib in Resources */,
				335EDA191BA15732005D631B /* Images.xcassets in Resources */,
			);
			runOnlyForDeploymentPostprocessing = 0;
		};
		335EDA1F1BA15732005D631B /* Resources */ = {
			isa = PBXResourcesBuildPhase;
			buildActionMask = 2147483647;
			files = (
			);
			runOnlyForDeploymentPostprocessing = 0;
		};
/* End PBXResourcesBuildPhase section */

/* Begin PBXSourcesBuildPhase section */
		335EDA081BA15732005D631B /* Sources */ = {
			isa = PBXSourcesBuildPhase;
			buildActionMask = 2147483647;
			files = (
				335EDA341BA15A6C005D631B /* DemoURL.swift in Sources */,
				335EDA141BA15732005D631B /* ViewController.swift in Sources */,
				335EDA321BA15776005D631B /* ImageViewController.swift in Sources */,
				335EDA121BA15732005D631B /* AppDelegate.swift in Sources */,
			);
			runOnlyForDeploymentPostprocessing = 0;
		};
		335EDA1D1BA15732005D631B /* Sources */ = {
			isa = PBXSourcesBuildPhase;
			buildActionMask = 2147483647;
			files = (
				335EDA281BA15732005D631B /* CassiniTests.swift in Sources */,
			);
			runOnlyForDeploymentPostprocessing = 0;
		};
/* End PBXSourcesBuildPhase section */

/* Begin PBXTargetDependency section */
		335EDA231BA15732005D631B /* PBXTargetDependency */ = {
			isa = PBXTargetDependency;
			target = 335EDA0B1BA15732005D631B /* Cassini */;
			targetProxy = 335EDA221BA15732005D631B /* PBXContainerItemProxy */;
		};
/* End PBXTargetDependency section */

/* Begin PBXVariantGroup section */
		335EDA151BA15732005D631B /* Main.storyboard */ = {
			isa = PBXVariantGroup;
			children = (
				335EDA161BA15732005D631B /* Base */,
			);
			name = Main.storyboard;
			sourceTree = "<group>";
		};
		335EDA1A1BA15732005D631B /* LaunchScreen.xib */ = {
			isa = PBXVariantGroup;
			children = (
				335EDA1B1BA15732005D631B /* Base */,
			);
			name = LaunchScreen.xib;
			sourceTree = "<group>";
		};
/* End PBXVariantGroup section */

/* Begin XCBuildConfiguration section */
		335EDA291BA15732005D631B /* Debug */ = {
			isa = XCBuildConfiguration;
			buildSettings = {
				ALWAYS_SEARCH_USER_PATHS = NO;
				CLANG_CXX_LANGUAGE_STANDARD = "gnu++0x";
				CLANG_CXX_LIBRARY = "libc++";
				CLANG_ENABLE_MODULES = YES;
				CLANG_ENABLE_OBJC_ARC = YES;
				CLANG_WARN_BOOL_CONVERSION = YES;
				CLANG_WARN_CONSTANT_CONVERSION = YES;
				CLANG_WARN_DIRECT_OBJC_ISA_USAGE = YES_ERROR;
				CLANG_WARN_EMPTY_BODY = YES;
				CLANG_WARN_ENUM_CONVERSION = YES;
				CLANG_WARN_INT_CONVERSION = YES;
				CLANG_WARN_OBJC_ROOT_CLASS = YES_ERROR;
				CLANG_WARN_UNREACHABLE_CODE = YES;
				CLANG_WARN__DUPLICATE_METHOD_MATCH = YES;
				"CODE_SIGN_IDENTITY[sdk=iphoneos*]" = "iPhone Developer";
				COPY_PHASE_STRIP = NO;
				DEBUG_INFORMATION_FORMAT = "dwarf-with-dsym";
				ENABLE_STRICT_OBJC_MSGSEND = YES;
				GCC_C_LANGUAGE_STANDARD = gnu99;
				GCC_DYNAMIC_NO_PIC = NO;
				GCC_NO_COMMON_BLOCKS = YES;
				GCC_OPTIMIZATION_LEVEL = 0;
				GCC_PREPROCESSOR_DEFINITIONS = (
					"DEBUG=1",
					"$(inherited)",
				);
				GCC_SYMBOLS_PRIVATE_EXTERN = NO;
				GCC_WARN_64_TO_32_BIT_CONVERSION = YES;
				GCC_WARN_ABOUT_RETURN_TYPE = YES_ERROR;
				GCC_WARN_UNDECLARED_SELECTOR = YES;
				GCC_WARN_UNINITIALIZED_AUTOS = YES_AGGRESSIVE;
				GCC_WARN_UNUSED_FUNCTION = YES;
				GCC_WARN_UNUSED_VARIABLE = YES;
				IPHONEOS_DEPLOYMENT_TARGET = 8.4;
				MTL_ENABLE_DEBUG_INFO = YES;
				ONLY_ACTIVE_ARCH = YES;
				SDKROOT = iphoneos;
				SWIFT_OPTIMIZATION_LEVEL = "-Onone";
				TARGETED_DEVICE_FAMILY = "1,2";
			};
			name = Debug;
		};
		335EDA2A1BA15732005D631B /* Release */ = {
			isa = XCBuildConfiguration;
			buildSettings = {
				ALWAYS_SEARCH_USER_PATHS = NO;
				CLANG_CXX_LANGUAGE_STANDARD = "gnu++0x";
				CLANG_CXX_LIBRARY = "libc++";
				CLANG_ENABLE_MODULES = YES;
				CLANG_ENABLE_OBJC_ARC = YES;
				CLANG_WARN_BOOL_CONVERSION = YES;
				CLANG_WARN_CONSTANT_CONVERSION = YES;
				CLANG_WARN_DIRECT_OBJC_ISA_USAGE = YES_ERROR;
				CLANG_WARN_EMPTY_BODY = YES;
				CLANG_WARN_ENUM_CONVERSION = YES;
				CLANG_WARN_INT_CONVERSION = YES;
				CLANG_WARN_OBJC_ROOT_CLASS = YES_ERROR;
				CLANG_WARN_UNREACHABLE_CODE = YES;
				CLANG_WARN__DUPLICATE_METHOD_MATCH = YES;
				"CODE_SIGN_IDENTITY[sdk=iphoneos*]" = "iPhone Developer";
				COPY_PHASE_STRIP = NO;
				DEBUG_INFORMATION_FORMAT = "dwarf-with-dsym";
				ENABLE_NS_ASSERTIONS = NO;
				ENABLE_STRICT_OBJC_MSGSEND = YES;
				GCC_C_LANGUAGE_STANDARD = gnu99;
				GCC_NO_COMMON_BLOCKS = YES;
				GCC_WARN_64_TO_32_BIT_CONVERSION = YES;
				GCC_WARN_ABOUT_RETURN_TYPE = YES_ERROR;
				GCC_WARN_UNDECLARED_SELECTOR = YES;
				GCC_WARN_UNINITIALIZED_AUTOS = YES_AGGRESSIVE;
				GCC_WARN_UNUSED_FUNCTION = YES;
				GCC_WARN_UNUSED_VARIABLE = YES;
				IPHONEOS_DEPLOYMENT_TARGET = 8.4;
				MTL_ENABLE_DEBUG_INFO = NO;
				SDKROOT = iphoneos;
				TARGETED_DEVICE_FAMILY = "1,2";
				VALIDATE_PRODUCT = YES;
			};
			name = Release;
		};
		335EDA2C1BA15732005D631B /* Debug */ = {
			isa = XCBuildConfiguration;
			buildSettings = {
				ASSETCATALOG_COMPILER_APPICON_NAME = AppIcon;
				INFOPLIST_FILE = Cassini/Info.plist;
				LD_RUNPATH_SEARCH_PATHS = "$(inherited) @executable_path/Frameworks";
				PRODUCT_NAME = "$(TARGET_NAME)";
			};
			name = Debug;
		};
		335EDA2D1BA15732005D631B /* Release */ = {
			isa = XCBuildConfiguration;
			buildSettings = {
				ASSETCATALOG_COMPILER_APPICON_NAME = AppIcon;
				INFOPLIST_FILE = Cassini/Info.plist;
				LD_RUNPATH_SEARCH_PATHS = "$(inherited) @executable_path/Frameworks";
				PRODUCT_NAME = "$(TARGET_NAME)";
			};
			name = Release;
		};
		335EDA2F1BA15732005D631B /* Debug */ = {
			isa = XCBuildConfiguration;
			buildSettings = {
				BUNDLE_LOADER = "$(TEST_HOST)";
				FRAMEWORK_SEARCH_PATHS = (
					"$(SDKROOT)/Developer/Library/Frameworks",
					"$(inherited)",
				);
				GCC_PREPROCESSOR_DEFINITIONS = (
					"DEBUG=1",
					"$(inherited)",
				);
				INFOPLIST_FILE = CassiniTests/Info.plist;
				LD_RUNPATH_SEARCH_PATHS = "$(inherited) @executable_path/Frameworks @loader_path/Frameworks";
				PRODUCT_NAME = "$(TARGET_NAME)";
				TEST_HOST = "$(BUILT_PRODUCTS_DIR)/Cassini.app/Cassini";
			};
			name = Debug;
		};
		335EDA301BA15732005D631B /* Release */ = {
			isa = XCBuildConfiguration;
			buildSettings = {
				BUNDLE_LOADER = "$(TEST_HOST)";
				FRAMEWORK_SEARCH_PATHS = (
					"$(SDKROOT)/Developer/Library/Frameworks",
					"$(inherited)",
				);
				INFOPLIST_FILE = CassiniTests/Info.plist;
				LD_RUNPATH_SEARCH_PATHS = "$(inherited) @executable_path/Frameworks @loader_path/Frameworks";
				PRODUCT_NAME = "$(TARGET_NAME)";
				TEST_HOST = "$(BUILT_PRODUCTS_DIR)/Cassini.app/Cassini";
			};
			name = Release;
		};
/* End XCBuildConfiguration section */

/* Begin XCConfigurationList section */
		335EDA071BA15732005D631B /* Build configuration list for PBXProject "Cassini" */ = {
			isa = XCConfigurationList;
			buildConfigurations = (
				335EDA291BA15732005D631B /* Debug */,
				335EDA2A1BA15732005D631B /* Release */,
			);
			defaultConfigurationIsVisible = 0;
			defaultConfigurationName = Release;
		};
		335EDA2B1BA15732005D631B /* Build configuration list for PBXNativeTarget "Cassini" */ = {
			isa = XCConfigurationList;
			buildConfigurations = (
				335EDA2C1BA15732005D631B /* Debug */,
				335EDA2D1BA15732005D631B /* Release */,
			);
			defaultConfigurationIsVisible = 0;
		};
		335EDA2E1BA15732005D631B /* Build configuration list for PBXNativeTarget "CassiniTests" */ = {
			isa = XCConfigurationList;
			buildConfigurations = (
				335EDA2F1BA15732005D631B /* Debug */,
				335EDA301BA15732005D631B /* Release */,
			);
			defaultConfigurationIsVisible = 0;
		};
/* End XCConfigurationList section */
	};
	rootObject = 335EDA041BA15732005D631B /* Project object */;
}
