// !$*UTF8*$!
{
	archiveVersion = 1;
	classes = {
	};
	objectVersion = 46;
	objects = {

/* Begin PBXBuildFile section */
		3303A3681BAAD1D9003EB4B3 /* AppDelegate.swift in Sources */ = {isa = PBXBuildFile; fileRef = 3303A3671BAAD1D9003EB4B3 /* AppDelegate.swift */; };
		3303A36D1BAAD1D9003EB4B3 /* Main.storyboard in Resources */ = {isa = PBXBuildFile; fileRef = 3303A36B1BAAD1D9003EB4B3 /* Main.storyboard */; };
		3303A36F1BAAD1D9003EB4B3 /* Images.xcassets in Resources */ = {isa = PBXBuildFile; fileRef = 3303A36E1BAAD1D9003EB4B3 /* Images.xcassets */; };
		3303A3721BAAD1D9003EB4B3 /* LaunchScreen.xib in Resources */ = {isa = PBXBuildFile; fileRef = 3303A3701BAAD1D9003EB4B3 /* LaunchScreen.xib */; };
		3303A37E1BAAD1D9003EB4B3 /* CalculatorProjectTests.swift in Sources */ = {isa = PBXBuildFile; fileRef = 3303A37D1BAAD1D9003EB4B3 /* CalculatorProjectTests.swift */; };
		3303A3881BAAD31C003EB4B3 /* GraphViewController.swift in Sources */ = {isa = PBXBuildFile; fileRef = 3303A3871BAAD31C003EB4B3 /* GraphViewController.swift */; };
		3303A38A1BAAD32C003EB4B3 /* CalculatorViewController.swift in Sources */ = {isa = PBXBuildFile; fileRef = 3303A3891BAAD32C003EB4B3 /* CalculatorViewController.swift */; };
		3303A38C1BAADB4E003EB4B3 /* AxesDrawer.swift in Sources */ = {isa = PBXBuildFile; fileRef = 3303A38B1BAADB4E003EB4B3 /* AxesDrawer.swift */; };
/* End PBXBuildFile section */

/* Begin PBXContainerItemProxy section */
		3303A3781BAAD1D9003EB4B3 /* PBXContainerItemProxy */ = {
			isa = PBXContainerItemProxy;
			containerPortal = 3303A35A1BAAD1D9003EB4B3 /* Project object */;
			proxyType = 1;
			remoteGlobalIDString = 3303A3611BAAD1D9003EB4B3;
			remoteInfo = CalculatorProject;
		};
/* End PBXContainerItemProxy section */

/* Begin PBXFileReference section */
		3303A3621BAAD1D9003EB4B3 /* CalculatorProject.app */ = {isa = PBXFileReference; explicitFileType = wrapper.application; includeInIndex = 0; path = CalculatorProject.app; sourceTree = BUILT_PRODUCTS_DIR; };
		3303A3661BAAD1D9003EB4B3 /* Info.plist */ = {isa = PBXFileReference; lastKnownFileType = text.plist.xml; path = Info.plist; sourceTree = "<group>"; };
		3303A3671BAAD1D9003EB4B3 /* AppDelegate.swift */ = {isa = PBXFileReference; lastKnownFileType = sourcecode.swift; path = AppDelegate.swift; sourceTree = "<group>"; };
		3303A36C1BAAD1D9003EB4B3 /* Base */ = {isa = PBXFileReference; lastKnownFileType = file.storyboard; name = Base; path = Base.lproj/Main.storyboard; sourceTree = "<group>"; };
		3303A36E1BAAD1D9003EB4B3 /* Images.xcassets */ = {isa = PBXFileReference; lastKnownFileType = folder.assetcatalog; path = Images.xcassets; sourceTree = "<group>"; };
		3303A3711BAAD1D9003EB4B3 /* Base */ = {isa = PBXFileReference; lastKnownFileType = file.xib; name = Base; path = Base.lproj/LaunchScreen.xib; sourceTree = "<group>"; };
		3303A3771BAAD1D9003EB4B3 /* CalculatorProjectTests.xctest */ = {isa = PBXFileReference; explicitFileType = wrapper.cfbundle; includeInIndex = 0; path = CalculatorProjectTests.xctest; sourceTree = BUILT_PRODUCTS_DIR; };
		3303A37C1BAAD1D9003EB4B3 /* Info.plist */ = {isa = PBXFileReference; lastKnownFileType = text.plist.xml; path = Info.plist; sourceTree = "<group>"; };
		3303A37D1BAAD1D9003EB4B3 /* CalculatorProjectTests.swift */ = {isa = PBXFileReference; lastKnownFileType = sourcecode.swift; path = CalculatorProjectTests.swift; sourceTree = "<group>"; };
		3303A3871BAAD31C003EB4B3 /* GraphViewController.swift */ = {isa = PBXFileReference; fileEncoding = 4; lastKnownFileType = sourcecode.swift; path = GraphViewController.swift; sourceTree = "<group>"; };
		3303A3891BAAD32C003EB4B3 /* CalculatorViewController.swift */ = {isa = PBXFileReference; fileEncoding = 4; lastKnownFileType = sourcecode.swift; path = CalculatorViewController.swift; sourceTree = "<group>"; };
		3303A38B1BAADB4E003EB4B3 /* AxesDrawer.swift */ = {isa = PBXFileReference; fileEncoding = 4; lastKnownFileType = sourcecode.swift; path = AxesDrawer.swift; sourceTree = "<group>"; };
/* End PBXFileReference section */

/* Begin PBXFrameworksBuildPhase section */
		3303A35F1BAAD1D9003EB4B3 /* Frameworks */ = {
			isa = PBXFrameworksBuildPhase;
			buildActionMask = 2147483647;
			files = (
			);
			runOnlyForDeploymentPostprocessing = 0;
		};
		3303A3741BAAD1D9003EB4B3 /* Frameworks */ = {
			isa = PBXFrameworksBuildPhase;
			buildActionMask = 2147483647;
			files = (
			);
			runOnlyForDeploymentPostprocessing = 0;
		};
/* End PBXFrameworksBuildPhase section */

/* Begin PBXGroup section */
		3303A3591BAAD1D9003EB4B3 = {
			isa = PBXGroup;
			children = (
				3303A3641BAAD1D9003EB4B3 /* CalculatorProject */,
				3303A37A1BAAD1D9003EB4B3 /* CalculatorProjectTests */,
				3303A3631BAAD1D9003EB4B3 /* Products */,
			);
			sourceTree = "<group>";
		};
		3303A3631BAAD1D9003EB4B3 /* Products */ = {
			isa = PBXGroup;
			children = (
				3303A3621BAAD1D9003EB4B3 /* CalculatorProject.app */,
				3303A3771BAAD1D9003EB4B3 /* CalculatorProjectTests.xctest */,
			);
			name = Products;
			sourceTree = "<group>";
		};
		3303A3641BAAD1D9003EB4B3 /* CalculatorProject */ = {
			isa = PBXGroup;
			children = (
				3303A36B1BAAD1D9003EB4B3 /* Main.storyboard */,
				3303A3871BAAD31C003EB4B3 /* GraphViewController.swift */,
				3303A3891BAAD32C003EB4B3 /* CalculatorViewController.swift */,
				3303A38B1BAADB4E003EB4B3 /* AxesDrawer.swift */,
				3303A3651BAAD1D9003EB4B3 /* Supporting Files */,
			);
			path = CalculatorProject;
			sourceTree = "<group>";
		};
		3303A3651BAAD1D9003EB4B3 /* Supporting Files */ = {
			isa = PBXGroup;
			children = (
				3303A3671BAAD1D9003EB4B3 /* AppDelegate.swift */,
				3303A3701BAAD1D9003EB4B3 /* LaunchScreen.xib */,
				3303A36E1BAAD1D9003EB4B3 /* Images.xcassets */,
				3303A3661BAAD1D9003EB4B3 /* Info.plist */,
			);
			name = "Supporting Files";
			sourceTree = "<group>";
		};
		3303A37A1BAAD1D9003EB4B3 /* CalculatorProjectTests */ = {
			isa = PBXGroup;
			children = (
				3303A37D1BAAD1D9003EB4B3 /* CalculatorProjectTests.swift */,
				3303A37B1BAAD1D9003EB4B3 /* Supporting Files */,
			);
			path = CalculatorProjectTests;
			sourceTree = "<group>";
		};
		3303A37B1BAAD1D9003EB4B3 /* Supporting Files */ = {
			isa = PBXGroup;
			children = (
				3303A37C1BAAD1D9003EB4B3 /* Info.plist */,
			);
			name = "Supporting Files";
			sourceTree = "<group>";
		};
/* End PBXGroup section */

/* Begin PBXNativeTarget section */
		3303A3611BAAD1D9003EB4B3 /* CalculatorProject */ = {
			isa = PBXNativeTarget;
			buildConfigurationList = 3303A3811BAAD1D9003EB4B3 /* Build configuration list for PBXNativeTarget "CalculatorProject" */;
			buildPhases = (
				3303A35E1BAAD1D9003EB4B3 /* Sources */,
				3303A35F1BAAD1D9003EB4B3 /* Frameworks */,
				3303A3601BAAD1D9003EB4B3 /* Resources */,
			);
			buildRules = (
			);
			dependencies = (
			);
			name = CalculatorProject;
			productName = CalculatorProject;
			productReference = 3303A3621BAAD1D9003EB4B3 /* CalculatorProject.app */;
			productType = "com.apple.product-type.application";
		};
		3303A3761BAAD1D9003EB4B3 /* CalculatorProjectTests */ = {
			isa = PBXNativeTarget;
			buildConfigurationList = 3303A3841BAAD1D9003EB4B3 /* Build configuration list for PBXNativeTarget "CalculatorProjectTests" */;
			buildPhases = (
				3303A3731BAAD1D9003EB4B3 /* Sources */,
				3303A3741BAAD1D9003EB4B3 /* Frameworks */,
				3303A3751BAAD1D9003EB4B3 /* Resources */,
			);
			buildRules = (
			);
			dependencies = (
				3303A3791BAAD1D9003EB4B3 /* PBXTargetDependency */,
			);
			name = CalculatorProjectTests;
			productName = CalculatorProjectTests;
			productReference = 3303A3771BAAD1D9003EB4B3 /* CalculatorProjectTests.xctest */;
			productType = "com.apple.product-type.bundle.unit-test";
		};
/* End PBXNativeTarget section */

/* Begin PBXProject section */
		3303A35A1BAAD1D9003EB4B3 /* Project object */ = {
			isa = PBXProject;
			attributes = {
				LastUpgradeCheck = 0640;
				ORGANIZATIONNAME = MandyXue;
				TargetAttributes = {
					3303A3611BAAD1D9003EB4B3 = {
						CreatedOnToolsVersion = 6.4;
					};
					3303A3761BAAD1D9003EB4B3 = {
						CreatedOnToolsVersion = 6.4;
						TestTargetID = 3303A3611BAAD1D9003EB4B3;
					};
				};
			};
			buildConfigurationList = 3303A35D1BAAD1D9003EB4B3 /* Build configuration list for PBXProject "CalculatorProject" */;
			compatibilityVersion = "Xcode 3.2";
			developmentRegion = English;
			hasScannedForEncodings = 0;
			knownRegions = (
				en,
				Base,
			);
			mainGroup = 3303A3591BAAD1D9003EB4B3;
			productRefGroup = 3303A3631BAAD1D9003EB4B3 /* Products */;
			projectDirPath = "";
			projectRoot = "";
			targets = (
				3303A3611BAAD1D9003EB4B3 /* CalculatorProject */,
				3303A3761BAAD1D9003EB4B3 /* CalculatorProjectTests */,
			);
		};
/* End PBXProject section */

/* Begin PBXResourcesBuildPhase section */
		3303A3601BAAD1D9003EB4B3 /* Resources */ = {
			isa = PBXResourcesBuildPhase;
			buildActionMask = 2147483647;
			files = (
				3303A36D1BAAD1D9003EB4B3 /* Main.storyboard in Resources */,
				3303A3721BAAD1D9003EB4B3 /* LaunchScreen.xib in Resources */,
				3303A36F1BAAD1D9003EB4B3 /* Images.xcassets in Resources */,
			);
			runOnlyForDeploymentPostprocessing = 0;
		};
		3303A3751BAAD1D9003EB4B3 /* Resources */ = {
			isa = PBXResourcesBuildPhase;
			buildActionMask = 2147483647;
			files = (
			);
			runOnlyForDeploymentPostprocessing = 0;
		};
/* End PBXResourcesBuildPhase section */

/* Begin PBXSourcesBuildPhase section */
		3303A35E1BAAD1D9003EB4B3 /* Sources */ = {
			isa = PBXSourcesBuildPhase;
			buildActionMask = 2147483647;
			files = (
				3303A3681BAAD1D9003EB4B3 /* AppDelegate.swift in Sources */,
				3303A38C1BAADB4E003EB4B3 /* AxesDrawer.swift in Sources */,
				3303A38A1BAAD32C003EB4B3 /* CalculatorViewController.swift in Sources */,
				3303A3881BAAD31C003EB4B3 /* GraphViewController.swift in Sources */,
			);
			runOnlyForDeploymentPostprocessing = 0;
		};
		3303A3731BAAD1D9003EB4B3 /* Sources */ = {
			isa = PBXSourcesBuildPhase;
			buildActionMask = 2147483647;
			files = (
				3303A37E1BAAD1D9003EB4B3 /* CalculatorProjectTests.swift in Sources */,
			);
			runOnlyForDeploymentPostprocessing = 0;
		};
/* End PBXSourcesBuildPhase section */

/* Begin PBXTargetDependency section */
		3303A3791BAAD1D9003EB4B3 /* PBXTargetDependency */ = {
			isa = PBXTargetDependency;
			target = 3303A3611BAAD1D9003EB4B3 /* CalculatorProject */;
			targetProxy = 3303A3781BAAD1D9003EB4B3 /* PBXContainerItemProxy */;
		};
/* End PBXTargetDependency section */

/* Begin PBXVariantGroup section */
		3303A36B1BAAD1D9003EB4B3 /* Main.storyboard */ = {
			isa = PBXVariantGroup;
			children = (
				3303A36C1BAAD1D9003EB4B3 /* Base */,
			);
			name = Main.storyboard;
			sourceTree = "<group>";
		};
		3303A3701BAAD1D9003EB4B3 /* LaunchScreen.xib */ = {
			isa = PBXVariantGroup;
			children = (
				3303A3711BAAD1D9003EB4B3 /* Base */,
			);
			name = LaunchScreen.xib;
			sourceTree = "<group>";
		};
/* End PBXVariantGroup section */

/* Begin XCBuildConfiguration section */
		3303A37F1BAAD1D9003EB4B3 /* Debug */ = {
			isa = XCBuildConfiguration;
			buildSettings = {
				ALWAYS_SEARCH_USER_PATHS = NO;
				CLANG_CXX_LANGUAGE_STANDARD = "gnu++0x";
				CLANG_CXX_LIBRARY = "libc++";
				CLANG_ENABLE_MODULES = YES;
				CLANG_ENABLE_OBJC_ARC = YES;
				CLANG_WARN_BOOL_CONVERSION = YES;
				CLANG_WARN_CONSTANT_CONVERSION = YES;
				CLANG_WARN_DIRECT_OBJC_ISA_USAGE = YES_ERROR;
				CLANG_WARN_EMPTY_BODY = YES;
				CLANG_WARN_ENUM_CONVERSION = YES;
				CLANG_WARN_INT_CONVERSION = YES;
				CLANG_WARN_OBJC_ROOT_CLASS = YES_ERROR;
				CLANG_WARN_UNREACHABLE_CODE = YES;
				CLANG_WARN__DUPLICATE_METHOD_MATCH = YES;
				"CODE_SIGN_IDENTITY[sdk=iphoneos*]" = "iPhone Developer";
				COPY_PHASE_STRIP = NO;
				DEBUG_INFORMATION_FORMAT = "dwarf-with-dsym";
				ENABLE_STRICT_OBJC_MSGSEND = YES;
				GCC_C_LANGUAGE_STANDARD = gnu99;
				GCC_DYNAMIC_NO_PIC = NO;
				GCC_NO_COMMON_BLOCKS = YES;
				GCC_OPTIMIZATION_LEVEL = 0;
				GCC_PREPROCESSOR_DEFINITIONS = (
					"DEBUG=1",
					"$(inherited)",
				);
				GCC_SYMBOLS_PRIVATE_EXTERN = NO;
				GCC_WARN_64_TO_32_BIT_CONVERSION = YES;
				GCC_WARN_ABOUT_RETURN_TYPE = YES_ERROR;
				GCC_WARN_UNDECLARED_SELECTOR = YES;
				GCC_WARN_UNINITIALIZED_AUTOS = YES_AGGRESSIVE;
				GCC_WARN_UNUSED_FUNCTION = YES;
				GCC_WARN_UNUSED_VARIABLE = YES;
				IPHONEOS_DEPLOYMENT_TARGET = 8.4;
				MTL_ENABLE_DEBUG_INFO = YES;
				ONLY_ACTIVE_ARCH = YES;
				SDKROOT = iphoneos;
				SWIFT_OPTIMIZATION_LEVEL = "-Onone";
				TARGETED_DEVICE_FAMILY = "1,2";
			};
			name = Debug;
		};
		3303A3801BAAD1D9003EB4B3 /* Release */ = {
			isa = XCBuildConfiguration;
			buildSettings = {
				ALWAYS_SEARCH_USER_PATHS = NO;
				CLANG_CXX_LANGUAGE_STANDARD = "gnu++0x";
				CLANG_CXX_LIBRARY = "libc++";
				CLANG_ENABLE_MODULES = YES;
				CLANG_ENABLE_OBJC_ARC = YES;
				CLANG_WARN_BOOL_CONVERSION = YES;
				CLANG_WARN_CONSTANT_CONVERSION = YES;
				CLANG_WARN_DIRECT_OBJC_ISA_USAGE = YES_ERROR;
				CLANG_WARN_EMPTY_BODY = YES;
				CLANG_WARN_ENUM_CONVERSION = YES;
				CLANG_WARN_INT_CONVERSION = YES;
				CLANG_WARN_OBJC_ROOT_CLASS = YES_ERROR;
				CLANG_WARN_UNREACHABLE_CODE = YES;
				CLANG_WARN__DUPLICATE_METHOD_MATCH = YES;
				"CODE_SIGN_IDENTITY[sdk=iphoneos*]" = "iPhone Developer";
				COPY_PHASE_STRIP = NO;
				DEBUG_INFORMATION_FORMAT = "dwarf-with-dsym";
				ENABLE_NS_ASSERTIONS = NO;
				ENABLE_STRICT_OBJC_MSGSEND = YES;
				GCC_C_LANGUAGE_STANDARD = gnu99;
				GCC_NO_COMMON_BLOCKS = YES;
				GCC_WARN_64_TO_32_BIT_CONVERSION = YES;
				GCC_WARN_ABOUT_RETURN_TYPE = YES_ERROR;
				GCC_WARN_UNDECLARED_SELECTOR = YES;
				GCC_WARN_UNINITIALIZED_AUTOS = YES_AGGRESSIVE;
				GCC_WARN_UNUSED_FUNCTION = YES;
				GCC_WARN_UNUSED_VARIABLE = YES;
				IPHONEOS_DEPLOYMENT_TARGET = 8.4;
				MTL_ENABLE_DEBUG_INFO = NO;
				SDKROOT = iphoneos;
				TARGETED_DEVICE_FAMILY = "1,2";
				VALIDATE_PRODUCT = YES;
			};
			name = Release;
		};
		3303A3821BAAD1D9003EB4B3 /* Debug */ = {
			isa = XCBuildConfiguration;
			buildSettings = {
				ASSETCATALOG_COMPILER_APPICON_NAME = AppIcon;
				INFOPLIST_FILE = CalculatorProject/Info.plist;
				LD_RUNPATH_SEARCH_PATHS = "$(inherited) @executable_path/Frameworks";
				PRODUCT_NAME = "$(TARGET_NAME)";
			};
			name = Debug;
		};
		3303A3831BAAD1D9003EB4B3 /* Release */ = {
			isa = XCBuildConfiguration;
			buildSettings = {
				ASSETCATALOG_COMPILER_APPICON_NAME = AppIcon;
				INFOPLIST_FILE = CalculatorProject/Info.plist;
				LD_RUNPATH_SEARCH_PATHS = "$(inherited) @executable_path/Frameworks";
				PRODUCT_NAME = "$(TARGET_NAME)";
			};
			name = Release;
		};
		3303A3851BAAD1D9003EB4B3 /* Debug */ = {
			isa = XCBuildConfiguration;
			buildSettings = {
				BUNDLE_LOADER = "$(TEST_HOST)";
				FRAMEWORK_SEARCH_PATHS = (
					"$(SDKROOT)/Developer/Library/Frameworks",
					"$(inherited)",
				);
				GCC_PREPROCESSOR_DEFINITIONS = (
					"DEBUG=1",
					"$(inherited)",
				);
				INFOPLIST_FILE = CalculatorProjectTests/Info.plist;
				LD_RUNPATH_SEARCH_PATHS = "$(inherited) @executable_path/Frameworks @loader_path/Frameworks";
				PRODUCT_NAME = "$(TARGET_NAME)";
				TEST_HOST = "$(BUILT_PRODUCTS_DIR)/CalculatorProject.app/CalculatorProject";
			};
			name = Debug;
		};
		3303A3861BAAD1D9003EB4B3 /* Release */ = {
			isa = XCBuildConfiguration;
			buildSettings = {
				BUNDLE_LOADER = "$(TEST_HOST)";
				FRAMEWORK_SEARCH_PATHS = (
					"$(SDKROOT)/Developer/Library/Frameworks",
					"$(inherited)",
				);
				INFOPLIST_FILE = CalculatorProjectTests/Info.plist;
				LD_RUNPATH_SEARCH_PATHS = "$(inherited) @executable_path/Frameworks @loader_path/Frameworks";
				PRODUCT_NAME = "$(TARGET_NAME)";
				TEST_HOST = "$(BUILT_PRODUCTS_DIR)/CalculatorProject.app/CalculatorProject";
			};
			name = Release;
		};
/* End XCBuildConfiguration section */

/* Begin XCConfigurationList section */
		3303A35D1BAAD1D9003EB4B3 /* Build configuration list for PBXProject "CalculatorProject" */ = {
			isa = XCConfigurationList;
			buildConfigurations = (
				3303A37F1BAAD1D9003EB4B3 /* Debug */,
				3303A3801BAAD1D9003EB4B3 /* Release */,
			);
			defaultConfigurationIsVisible = 0;
			defaultConfigurationName = Release;
		};
		3303A3811BAAD1D9003EB4B3 /* Build configuration list for PBXNativeTarget "CalculatorProject" */ = {
			isa = XCConfigurationList;
			buildConfigurations = (
				3303A3821BAAD1D9003EB4B3 /* Debug */,
				3303A3831BAAD1D9003EB4B3 /* Release */,
			);
			defaultConfigurationIsVisible = 0;
		};
		3303A3841BAAD1D9003EB4B3 /* Build configuration list for PBXNativeTarget "CalculatorProjectTests" */ = {
			isa = XCConfigurationList;
			buildConfigurations = (
				3303A3851BAAD1D9003EB4B3 /* Debug */,
				3303A3861BAAD1D9003EB4B3 /* Release */,
			);
			defaultConfigurationIsVisible = 0;
		};
/* End XCConfigurationList section */
	};
	rootObject = 3303A35A1BAAD1D9003EB4B3 /* Project object */;
}
